{
  "name": "vrushab",
  "version": "1.0.0",
  "lockfileVersion": 3,
  "requires": true,
  "packages": {
    "": {
      "name": "vrushab",
      "version": "1.0.0",
      "license": "ISC",
      "dependencies": {
        "@ibm-aspera/connect-sdk-js": "^5.0.0"
      }
    },
    "node_modules/@ibm-aspera/connect-sdk-js": {
      "version": "5.0.0",
      "resolved": "https://registry.npmjs.org/@ibm-aspera/connect-sdk-js/-/connect-sdk-js-5.0.0.tgz",
      "integrity": "sha512-E2o7kRqPrcM83m70t/p4njAwiv0TW2cjUnFX+kl05dISb6zs5IjY2c5xvUtvTL4KYYSqhHzdUz8x8b41YUrjBw==",
      "dependencies": {
        "es6-promise": "^4.2.8",
        "tslib": "^2.2.0"
      }
    },
    "node_modules/es6-promise": {
      "version": "4.2.8",
      "resolved": "https://registry.npmjs.org/es6-promise/-/es6-promise-4.2.8.tgz",
      "integrity": "sha512-HJDGx5daxeIvxdBxvG2cb9g4tEvwIk3i8+nhX0yGrYmZUzbkdg8QbDevheDB8gd0//uPj4c1EQua8Q+MViT0/w=="
    },
    "node_modules/tslib": {
      "version": "2.6.2",
      "resolved": "https://registry.npmjs.org/tslib/-/tslib-2.6.2.tgz",
      "integrity": "sha512-AEYxH93jGFPn/a2iVAwW87VuUIkR1FVUKB77NwMF7nBTDkDrrT/Hpt/IrCJ0QXhW27jTBDcf5ZY7w6RiqTMw2Q=="
    }
  }
}
